
Microsoft Visual Studio Solution File, Format Version 12.00
Project("{FAE04EC0-301F-11D3-BF4B-00C04F79EFBC}") = "Samotnik", "Samotnik\Samotnik.csproj", "{43B82105-C5E2-42DB-9487-F6C6556DFD3C}"
EndProject
Project("{FAE04EC0-301F-11D3-BF4B-00C04F79EFBC}") = "Procesy", "Procesy\Procesy.csproj", "{EBB1172E-A947-4CB2-B125-84626430DCB1}"
EndProject
Global
	GlobalSection(SolutionConfigurationPlatforms) = preSolution
		Debug|Any CPU = Debug|Any CPU
		Release|Any CPU = Release|Any CPU
	EndGlobalSection
	GlobalSection(ProjectConfigurationPlatforms) = postSolution
		{43B82105-C5E2-42DB-9487-F6C6556DFD3C}.Debug|Any CPU.ActiveCfg = Debug|Any CPU
		{43B82105-C5E2-42DB-9487-F6C6556DFD3C}.Debug|Any CPU.Build.0 = Debug|Any CPU
		{43B82105-C5E2-42DB-9487-F6C6556DFD3C}.Release|Any CPU.ActiveCfg = Release|Any CPU
		{43B82105-C5E2-42DB-9487-F6C6556DFD3C}.Release|Any CPU.Build.0 = Release|Any CPU
		{EBB1172E-A947-4CB2-B125-84626430DCB1}.Debug|Any CPU.ActiveCfg = Debug|Any CPU
		{EBB1172E-A947-4CB2-B125-84626430DCB1}.Debug|Any CPU.Build.0 = Debug|Any CPU
		{EBB1172E-A947-4CB2-B125-84626430DCB1}.Release|Any CPU.ActiveCfg = Release|Any CPU
		{EBB1172E-A947-4CB2-B125-84626430DCB1}.Release|Any CPU.Build.0 = Release|Any CPU
	EndGlobalSection
EndGlobal
